
Microsoft Visual Studio Solution File, Format Version 12.00
# Visual Studio Version 16
VisualStudioVersion = 16.0.29503.13
MinimumVisualStudioVersion = 10.0.40219.1
Project("{2150E333-8FDC-42A3-9474-1A3956D46DE8}") = "1 - Application", "1 - Application", "{C7EB48C3-DD4D-4CEA-B782-A780D5E438C3}"
EndProject
Project("{2150E333-8FDC-42A3-9474-1A3956D46DE8}") = "2 - Services", "2 - Services", "{DD9DF173-F12C-4D31-9E3B-4CEEC2FBF812}"
EndProject
Project("{2150E333-8FDC-42A3-9474-1A3956D46DE8}") = "3 - Repositories", "3 - Repositories", "{663F3976-1F29-46FE-AC50-9ADD719AAC07}"
EndProject
Project("{2150E333-8FDC-42A3-9474-1A3956D46DE8}") = "4 - Domain", "4 - Domain", "{DF51292B-368B-46CD-B606-EDDECAF42A49}"
EndProject
Project("{2150E333-8FDC-42A3-9474-1A3956D46DE8}") = "5 - Infra", "5 - Infra", "{E21A3D85-2D2E-4773-8088-8C590B5C95AF}"
EndProject
Project("{9A19103F-16F7-4668-BE54-9A1E7A4F7556}") = "Livraria.Domain", "4 - Domain\Livraria.Domain\Livraria.Domain.csproj", "{B7B298BB-C35B-4CC1-A3DF-E6B75BB88434}"
EndProject
Project("{9A19103F-16F7-4668-BE54-9A1E7A4F7556}") = "Livraria.Domain.Test", "4 - Domain\Livraria.Domain.Test\Livraria.Domain.Test.csproj", "{3CB761A2-1E9A-450C-8336-60F48DF84C82}"
EndProject
Project("{2150E333-8FDC-42A3-9474-1A3956D46DE8}") = "5.1 - CrossCutting", "5.1 - CrossCutting", "{11E0388D-F152-4773-8111-D24D632BDAD6}"
EndProject
Project("{2150E333-8FDC-42A3-9474-1A3956D46DE8}") = "5.2 - Database", "5.2 - Database", "{24DC4E3A-C7DF-403F-8A7D-3187A6D78431}"
EndProject
Project("{9A19103F-16F7-4668-BE54-9A1E7A4F7556}") = "Livraria.Database", "5 - Infra\5.2 - Database\ClassLibrary1\Livraria.Database.csproj", "{D79FBE11-3732-4513-9816-7B852F2630A8}"
EndProject
Project("{FAE04EC0-301F-11D3-BF4B-00C04F79EFBC}") = "Livraria.Api", "1 - Application\Livraria.Api\Livraria.Api.csproj", "{12B858F1-9A2E-459C-BCBB-6EAE90950C84}"
EndProject
Global
	GlobalSection(SolutionConfigurationPlatforms) = preSolution
		Debug|Any CPU = Debug|Any CPU
		Release|Any CPU = Release|Any CPU
	EndGlobalSection
	GlobalSection(ProjectConfigurationPlatforms) = postSolution
		{B7B298BB-C35B-4CC1-A3DF-E6B75BB88434}.Debug|Any CPU.ActiveCfg = Debug|Any CPU
		{B7B298BB-C35B-4CC1-A3DF-E6B75BB88434}.Debug|Any CPU.Build.0 = Debug|Any CPU
		{B7B298BB-C35B-4CC1-A3DF-E6B75BB88434}.Release|Any CPU.ActiveCfg = Release|Any CPU
		{B7B298BB-C35B-4CC1-A3DF-E6B75BB88434}.Release|Any CPU.Build.0 = Release|Any CPU
		{3CB761A2-1E9A-450C-8336-60F48DF84C82}.Debug|Any CPU.ActiveCfg = Debug|Any CPU
		{3CB761A2-1E9A-450C-8336-60F48DF84C82}.Debug|Any CPU.Build.0 = Debug|Any CPU
		{3CB761A2-1E9A-450C-8336-60F48DF84C82}.Release|Any CPU.ActiveCfg = Release|Any CPU
		{3CB761A2-1E9A-450C-8336-60F48DF84C82}.Release|Any CPU.Build.0 = Release|Any CPU
		{D79FBE11-3732-4513-9816-7B852F2630A8}.Debug|Any CPU.ActiveCfg = Debug|Any CPU
		{D79FBE11-3732-4513-9816-7B852F2630A8}.Debug|Any CPU.Build.0 = Debug|Any CPU
		{D79FBE11-3732-4513-9816-7B852F2630A8}.Release|Any CPU.ActiveCfg = Release|Any CPU
		{D79FBE11-3732-4513-9816-7B852F2630A8}.Release|Any CPU.Build.0 = Release|Any CPU
		{12B858F1-9A2E-459C-BCBB-6EAE90950C84}.Debug|Any CPU.ActiveCfg = Debug|Any CPU
		{12B858F1-9A2E-459C-BCBB-6EAE90950C84}.Debug|Any CPU.Build.0 = Debug|Any CPU
		{12B858F1-9A2E-459C-BCBB-6EAE90950C84}.Release|Any CPU.ActiveCfg = Release|Any CPU
		{12B858F1-9A2E-459C-BCBB-6EAE90950C84}.Release|Any CPU.Build.0 = Release|Any CPU
	EndGlobalSection
	GlobalSection(SolutionProperties) = preSolution
		HideSolutionNode = FALSE
	EndGlobalSection
	GlobalSection(NestedProjects) = preSolution
		{B7B298BB-C35B-4CC1-A3DF-E6B75BB88434} = {DF51292B-368B-46CD-B606-EDDECAF42A49}
		{3CB761A2-1E9A-450C-8336-60F48DF84C82} = {DF51292B-368B-46CD-B606-EDDECAF42A49}
		{11E0388D-F152-4773-8111-D24D632BDAD6} = {E21A3D85-2D2E-4773-8088-8C590B5C95AF}
		{24DC4E3A-C7DF-403F-8A7D-3187A6D78431} = {E21A3D85-2D2E-4773-8088-8C590B5C95AF}
		{D79FBE11-3732-4513-9816-7B852F2630A8} = {24DC4E3A-C7DF-403F-8A7D-3187A6D78431}
		{12B858F1-9A2E-459C-BCBB-6EAE90950C84} = {C7EB48C3-DD4D-4CEA-B782-A780D5E438C3}
	EndGlobalSection
	GlobalSection(ExtensibilityGlobals) = postSolution
		SolutionGuid = {5A167D04-5537-4290-9592-25773C525519}
	EndGlobalSection
EndGlobal
