
Microsoft Visual Studio Solution File, Format Version 12.00
# Visual Studio Version 16
VisualStudioVersion = 16.0.29503.13
MinimumVisualStudioVersion = 10.0.40219.1
Project("{2150E333-8FDC-42A3-9474-1A3956D46DE8}") = "1 - Application", "1 - Application", "{C7EB48C3-DD4D-4CEA-B782-A780D5E438C3}"
EndProject
Project("{2150E333-8FDC-42A3-9474-1A3956D46DE8}") = "2 - Services", "2 - Services", "{DD9DF173-F12C-4D31-9E3B-4CEEC2FBF812}"
EndProject
Project("{2150E333-8FDC-42A3-9474-1A3956D46DE8}") = "3 - Repositories", "3 - Repositories", "{663F3976-1F29-46FE-AC50-9ADD719AAC07}"
EndProject
Project("{2150E333-8FDC-42A3-9474-1A3956D46DE8}") = "4 - Domain", "4 - Domain", "{DF51292B-368B-46CD-B606-EDDECAF42A49}"
EndProject
Project("{2150E333-8FDC-42A3-9474-1A3956D46DE8}") = "5 - Infra", "5 - Infra", "{E21A3D85-2D2E-4773-8088-8C590B5C95AF}"
EndProject
Project("{FAE04EC0-301F-11D3-BF4B-00C04F79EFBC}") = "Livraria.Domain", "4 - Domain\Livraria.Domain\Livraria.Domain.csproj", "{B7B298BB-C35B-4CC1-A3DF-E6B75BB88434}"
EndProject
Project("{FAE04EC0-301F-11D3-BF4B-00C04F79EFBC}") = "Livraria.Domain.Test", "4 - Domain\Livraria.Domain.Test\Livraria.Domain.Test.csproj", "{3CB761A2-1E9A-450C-8336-60F48DF84C82}"
EndProject
Global
	GlobalSection(SolutionConfigurationPlatforms) = preSolution
		Debug|Any CPU = Debug|Any CPU
		Release|Any CPU = Release|Any CPU
	EndGlobalSection
	GlobalSection(ProjectConfigurationPlatforms) = postSolution
		{B7B298BB-C35B-4CC1-A3DF-E6B75BB88434}.Debug|Any CPU.ActiveCfg = Debug|Any CPU
		{B7B298BB-C35B-4CC1-A3DF-E6B75BB88434}.Debug|Any CPU.Build.0 = Debug|Any CPU
		{B7B298BB-C35B-4CC1-A3DF-E6B75BB88434}.Release|Any CPU.ActiveCfg = Release|Any CPU
		{B7B298BB-C35B-4CC1-A3DF-E6B75BB88434}.Release|Any CPU.Build.0 = Release|Any CPU
		{3CB761A2-1E9A-450C-8336-60F48DF84C82}.Debug|Any CPU.ActiveCfg = Debug|Any CPU
		{3CB761A2-1E9A-450C-8336-60F48DF84C82}.Debug|Any CPU.Build.0 = Debug|Any CPU
		{3CB761A2-1E9A-450C-8336-60F48DF84C82}.Release|Any CPU.ActiveCfg = Release|Any CPU
		{3CB761A2-1E9A-450C-8336-60F48DF84C82}.Release|Any CPU.Build.0 = Release|Any CPU
	EndGlobalSection
	GlobalSection(SolutionProperties) = preSolution
		HideSolutionNode = FALSE
	EndGlobalSection
	GlobalSection(NestedProjects) = preSolution
		{B7B298BB-C35B-4CC1-A3DF-E6B75BB88434} = {DF51292B-368B-46CD-B606-EDDECAF42A49}
		{3CB761A2-1E9A-450C-8336-60F48DF84C82} = {DF51292B-368B-46CD-B606-EDDECAF42A49}
	EndGlobalSection
	GlobalSection(ExtensibilityGlobals) = postSolution
		SolutionGuid = {5A167D04-5537-4290-9592-25773C525519}
	EndGlobalSection
EndGlobal
